// !$*UTF8*$!
{
	archiveVersion = 1;
	classes = {
	};
	objectVersion = 70;
	objects = {

/* Begin PBXBuildFile section */
		6A3A6AEA2CBD08DF009319F8 /* SearchView.swift in Sources */ = {isa = PBXBuildFile; fileRef = 6A3A6AE92CBD08DF009319F8 /* SearchView.swift */; };
		6A3A6AEC2CBD0932009319F8 /* SearchViewModel.swift in Sources */ = {isa = PBXBuildFile; fileRef = 6A3A6AEB2CBD0932009319F8 /* SearchViewModel.swift */; };
		6A3A6AEE2CBD13DF009319F8 /* CustomSearchBar.swift in Sources */ = {isa = PBXBuildFile; fileRef = 6A3A6AED2CBD13DF009319F8 /* CustomSearchBar.swift */; };
		6A3A6AF02CBD2203009319F8 /* NutrisiMakanan.json in Resources */ = {isa = PBXBuildFile; fileRef = 6A3A6AEF2CBD2203009319F8 /* NutrisiMakanan.json */; };
		6A3A6AF22CBE5C62009319F8 /* SearchCard.swift in Sources */ = {isa = PBXBuildFile; fileRef = 6A3A6AF12CBE5C62009319F8 /* SearchCard.swift */; };
		6A3A6AF62CBF6C50009319F8 /* SleepDetailHistoryView.swift in Sources */ = {isa = PBXBuildFile; fileRef = 6A3A6AF52CBF6C50009319F8 /* SleepDetailHistoryView.swift */; };
		6A3A6AF82CBFA927009319F8 /* RootView.swift in Sources */ = {isa = PBXBuildFile; fileRef = 6A3A6AF72CBFA927009319F8 /* RootView.swift */; };
		6A3A6AFC2CC0C5E2009319F8 /* DetailSearchView.swift in Sources */ = {isa = PBXBuildFile; fileRef = 6A3A6AFB2CC0C5E2009319F8 /* DetailSearchView.swift */; };
		6A3A6AFE2CC0D639009319F8 /* SummaryView.swift in Sources */ = {isa = PBXBuildFile; fileRef = 6A3A6AFD2CC0D639009319F8 /* SummaryView.swift */; };
		6A3A6B022CC0D65A009319F8 /* SummaryViewModel.swift in Sources */ = {isa = PBXBuildFile; fileRef = 6A3A6B012CC0D65A009319F8 /* SummaryViewModel.swift */; };
		6A3A6B042CC0D6D8009319F8 /* SummaryCard.swift in Sources */ = {isa = PBXBuildFile; fileRef = 6A3A6B032CC0D6D8009319F8 /* SummaryCard.swift */; };
		6AE757ED2CAE87FE00BEFDE0 /* MacroApp.swift in Sources */ = {isa = PBXBuildFile; fileRef = 6AE757EC2CAE87FE00BEFDE0 /* MacroApp.swift */; };
		6AE757EF2CAE87FE00BEFDE0 /* ContentView.swift in Sources */ = {isa = PBXBuildFile; fileRef = 6AE757EE2CAE87FE00BEFDE0 /* ContentView.swift */; };
		6AE757F32CAE87FF00BEFDE0 /* Assets.xcassets in Resources */ = {isa = PBXBuildFile; fileRef = 6AE757F22CAE87FF00BEFDE0 /* Assets.xcassets */; };
		6AE757F62CAE87FF00BEFDE0 /* Preview Assets.xcassets in Resources */ = {isa = PBXBuildFile; fileRef = 6AE757F52CAE87FF00BEFDE0 /* Preview Assets.xcassets */; };
		6AEC4D042CB514C9003DD2F3 /* DietViewModel.swift in Sources */ = {isa = PBXBuildFile; fileRef = 6AEC4D032CB514C9003DD2F3 /* DietViewModel.swift */; };
		6AEC4D062CB52429003DD2F3 /* FoodName in Resources */ = {isa = PBXBuildFile; fileRef = 6AEC4D052CB52429003DD2F3 /* FoodName */; };
		6AEC4D082CB5268C003DD2F3 /* FoodCache.swift in Sources */ = {isa = PBXBuildFile; fileRef = 6AEC4D072CB5268C003DD2F3 /* FoodCache.swift */; };
		6AEC4D0A2CB526E6003DD2F3 /* FoodFile.swift in Sources */ = {isa = PBXBuildFile; fileRef = 6AEC4D092CB526E6003DD2F3 /* FoodFile.swift */; };
		6AEC4D0C2CB539EA003DD2F3 /* Food.swift in Sources */ = {isa = PBXBuildFile; fileRef = 6AEC4D0B2CB539EA003DD2F3 /* Food.swift */; };
		6AEC4D0E2CB53A4C003DD2F3 /* Sleep.swift in Sources */ = {isa = PBXBuildFile; fileRef = 6AEC4D0D2CB53A4C003DD2F3 /* Sleep.swift */; };
		6AEC4D102CB53AA1003DD2F3 /* Journal.swift in Sources */ = {isa = PBXBuildFile; fileRef = 6AEC4D0F2CB53AA1003DD2F3 /* Journal.swift */; };
		6AEF1BF02CC25AB200B6F89F /* ActivityOnBoardingView.swift in Sources */ = {isa = PBXBuildFile; fileRef = 6AEF1BEF2CC25AB200B6F89F /* ActivityOnBoardingView.swift */; };
		6AF7EB232CDCCFD700D9AB3E /* JournalImage.swift in Sources */ = {isa = PBXBuildFile; fileRef = 6AF7EB222CDCCFD700D9AB3E /* JournalImage.swift */; };
		712C2BF82CCF8B490032E754 /* FoodAndDrink.json in Resources */ = {isa = PBXBuildFile; fileRef = 712C2BF72CCF8B410032E754 /* FoodAndDrink.json */; };
		712C2BFC2CCF8B7A0032E754 /* Name in Resources */ = {isa = PBXBuildFile; fileRef = 712C2BFB2CCF8B750032E754 /* Name */; };
		712C2C0E2CD2836C0032E754 /* NameOnBoardingView.swift in Sources */ = {isa = PBXBuildFile; fileRef = 712C2C0D2CD283650032E754 /* NameOnBoardingView.swift */; };
		712C2C1C2CD36E340032E754 /* ReminderView.swift in Sources */ = {isa = PBXBuildFile; fileRef = 712C2C1B2CD36E2C0032E754 /* ReminderView.swift */; };
		712C2C1E2CD379330032E754 /* ReminderViewModel.swift in Sources */ = {isa = PBXBuildFile; fileRef = 712C2C1D2CD379290032E754 /* ReminderViewModel.swift */; };
		712C2C222CD3811A0032E754 /* AddReminderView.swift in Sources */ = {isa = PBXBuildFile; fileRef = 712C2C212CD381150032E754 /* AddReminderView.swift */; };
		712C2C2A2CD388F60032E754 /* Reminder.swift in Sources */ = {isa = PBXBuildFile; fileRef = 712C2C292CD388F60032E754 /* Reminder.swift */; };
		71A2BEC22CC270BF00687EA0 /* ToastView.swift in Sources */ = {isa = PBXBuildFile; fileRef = 71A2BEC12CC270AA00687EA0 /* ToastView.swift */; };
		71CD87F82CDDEF5D000FB7E9 /* SkinHealthViewModel.swift in Sources */ = {isa = PBXBuildFile; fileRef = 71CD87F72CDDEF52000FB7E9 /* SkinHealthViewModel.swift */; };
		71E364EB2CC108E500EA4C82 /* UIImageExtension.swift in Sources */ = {isa = PBXBuildFile; fileRef = 71E364EA2CC108DE00EA4C82 /* UIImageExtension.swift */; };
		900D53112CC562EA003D308E /* OnBoardingsViewModel.swift in Sources */ = {isa = PBXBuildFile; fileRef = 900D53102CC562EA003D308E /* OnBoardingsViewModel.swift */; };
		900D53242CCB580C003D308E /* AddSleepCard.swift in Sources */ = {isa = PBXBuildFile; fileRef = 900D53232CCB57FE003D308E /* AddSleepCard.swift */; };
		900D532E2CCB8932003D308E /* NotificationViewModel.swift in Sources */ = {isa = PBXBuildFile; fileRef = 900D532D2CCB891D003D308E /* NotificationViewModel.swift */; };
		900D53302CCB8BC8003D308E /* NotificationView.swift in Sources */ = {isa = PBXBuildFile; fileRef = 900D532F2CCB8BBE003D308E /* NotificationView.swift */; };
		900D53402CCBA322003D308E /* PDFPrintView.swift in Sources */ = {isa = PBXBuildFile; fileRef = 900D533F2CCBA322003D308E /* PDFPrintView.swift */; };
		9015E76B2CB5190200C1D808 /* HealthManager.swift in Sources */ = {isa = PBXBuildFile; fileRef = 9015E76A2CB5190200C1D808 /* HealthManager.swift */; };
		903A7AE82CD375BB00452B78 /* DatePickerView.swift in Sources */ = {isa = PBXBuildFile; fileRef = 903A7AE72CD375BB00452B78 /* DatePickerView.swift */; };
		903A7AEA2CD38FB600452B78 /* SettingsView.swift in Sources */ = {isa = PBXBuildFile; fileRef = 903A7AE92CD38FA800452B78 /* SettingsView.swift */; };
		906D4E7D2CCF980D001047C5 /* AddFoodView.swift in Sources */ = {isa = PBXBuildFile; fileRef = 906D4E7C2CCF97F7001047C5 /* AddFoodView.swift */; };
		906D4E812CCF9A83001047C5 /* FoodInformationCard.swift in Sources */ = {isa = PBXBuildFile; fileRef = 906D4E802CCF9A77001047C5 /* FoodInformationCard.swift */; };
		9094D8232CBD039500BA62EF /* JournalView.swift in Sources */ = {isa = PBXBuildFile; fileRef = 9094D8222CBD039500BA62EF /* JournalView.swift */; };
		9094D8252CBD03B700BA62EF /* JournalViewModel.swift in Sources */ = {isa = PBXBuildFile; fileRef = 9094D8242CBD03B700BA62EF /* JournalViewModel.swift */; };
		9094D8272CBD040100BA62EF /* ImagePickerViewModel.swift in Sources */ = {isa = PBXBuildFile; fileRef = 9094D8262CBD040100BA62EF /* ImagePickerViewModel.swift */; };
		9094D8292CBD043200BA62EF /* MenuView.swift in Sources */ = {isa = PBXBuildFile; fileRef = 9094D8282CBD043200BA62EF /* MenuView.swift */; };
		9094D82B2CBD0D0700BA62EF /* AddSleepView.swift in Sources */ = {isa = PBXBuildFile; fileRef = 9094D82A2CBD0D0700BA62EF /* AddSleepView.swift */; };
		9094D8312CBE4FBA00BA62EF /* HistoryView.swift in Sources */ = {isa = PBXBuildFile; fileRef = 9094D8302CBE4FBA00BA62EF /* HistoryView.swift */; };
		9094D8332CBE594D00BA62EF /* FoodDetailHistoryView.swift in Sources */ = {isa = PBXBuildFile; fileRef = 9094D8322CBE594D00BA62EF /* FoodDetailHistoryView.swift */; };
		9094D8352CBE5AA700BA62EF /* PrivacyOnBoardingView.swift in Sources */ = {isa = PBXBuildFile; fileRef = 9094D8342CBE5AA700BA62EF /* PrivacyOnBoardingView.swift */; };
		9094D8372CBE626100BA62EF /* HealthOnBoardingView.swift in Sources */ = {isa = PBXBuildFile; fileRef = 9094D8362CBE626100BA62EF /* HealthOnBoardingView.swift */; };
		9094D8392CBE776200BA62EF /* AgeOnBoardingView.swift in Sources */ = {isa = PBXBuildFile; fileRef = 9094D8382CBE776200BA62EF /* AgeOnBoardingView.swift */; };
		9094D83C2CBF6C1F00BA62EF /* HeightOnBoardingView.swift in Sources */ = {isa = PBXBuildFile; fileRef = 9094D83B2CBF6C1F00BA62EF /* HeightOnBoardingView.swift */; };
		9094D83E2CBF8DAD00BA62EF /* WeightOnBoardingView.swift in Sources */ = {isa = PBXBuildFile; fileRef = 9094D83D2CBF8DAD00BA62EF /* WeightOnBoardingView.swift */; };
		9094D8402CBF907700BA62EF /* GenderOnBoardingView.swift in Sources */ = {isa = PBXBuildFile; fileRef = 9094D83F2CBF907700BA62EF /* GenderOnBoardingView.swift */; };
		9094D84C2CC109F400BA62EF /* DetailSummaryView.swift in Sources */ = {isa = PBXBuildFile; fileRef = 9094D84B2CC109F400BA62EF /* DetailSummaryView.swift */; };
		909F47F12CDCD596005B022D /* AddJournalView.swift in Sources */ = {isa = PBXBuildFile; fileRef = 909F47F02CDCD596005B022D /* AddJournalView.swift */; };
		909F47F32CDCD5A9005B022D /* SkinHealthView.swift in Sources */ = {isa = PBXBuildFile; fileRef = 909F47F22CDCD5A9005B022D /* SkinHealthView.swift */; };
		90FB78C62CD2218D0068E7B1 /* TableCard.swift in Sources */ = {isa = PBXBuildFile; fileRef = 90FB78C52CD221830068E7B1 /* TableCard.swift */; };
		90FB78C82CD23E600068E7B1 /* GlycemicCard.swift in Sources */ = {isa = PBXBuildFile; fileRef = 90FB78C72CD23E580068E7B1 /* GlycemicCard.swift */; };
/* End PBXBuildFile section */

/* Begin PBXFileReference section */
		6A3A6AE92CBD08DF009319F8 /* SearchView.swift */ = {isa = PBXFileReference; lastKnownFileType = sourcecode.swift; path = SearchView.swift; sourceTree = "<group>"; };
		6A3A6AEB2CBD0932009319F8 /* SearchViewModel.swift */ = {isa = PBXFileReference; lastKnownFileType = sourcecode.swift; path = SearchViewModel.swift; sourceTree = "<group>"; };
		6A3A6AED2CBD13DF009319F8 /* CustomSearchBar.swift */ = {isa = PBXFileReference; lastKnownFileType = sourcecode.swift; path = CustomSearchBar.swift; sourceTree = "<group>"; };
		6A3A6AEF2CBD2203009319F8 /* NutrisiMakanan.json */ = {isa = PBXFileReference; fileEncoding = 4; lastKnownFileType = text.json; path = NutrisiMakanan.json; sourceTree = "<group>"; };
		6A3A6AF12CBE5C62009319F8 /* SearchCard.swift */ = {isa = PBXFileReference; lastKnownFileType = sourcecode.swift; path = SearchCard.swift; sourceTree = "<group>"; };
		6A3A6AF52CBF6C50009319F8 /* SleepDetailHistoryView.swift */ = {isa = PBXFileReference; lastKnownFileType = sourcecode.swift; path = SleepDetailHistoryView.swift; sourceTree = "<group>"; };
		6A3A6AF72CBFA927009319F8 /* RootView.swift */ = {isa = PBXFileReference; lastKnownFileType = sourcecode.swift; path = RootView.swift; sourceTree = "<group>"; };
		6A3A6AF92CBFB187009319F8 /* SummaryView.swift */ = {isa = PBXFileReference; lastKnownFileType = sourcecode.swift; path = SummaryView.swift; sourceTree = "<group>"; };
		6A3A6AFB2CC0C5E2009319F8 /* DetailSearchView.swift */ = {isa = PBXFileReference; lastKnownFileType = sourcecode.swift; path = DetailSearchView.swift; sourceTree = "<group>"; };
		6A3A6AFD2CC0D639009319F8 /* SummaryView.swift */ = {isa = PBXFileReference; lastKnownFileType = sourcecode.swift; name = SummaryView.swift; path = Macro/Search/View/SummaryView.swift; sourceTree = SOURCE_ROOT; };
		6A3A6B012CC0D65A009319F8 /* SummaryViewModel.swift */ = {isa = PBXFileReference; lastKnownFileType = sourcecode.swift; path = SummaryViewModel.swift; sourceTree = "<group>"; };
		6A3A6B032CC0D6D8009319F8 /* SummaryCard.swift */ = {isa = PBXFileReference; lastKnownFileType = sourcecode.swift; name = SummaryCard.swift; path = Macro/Summary/ViewModel/SummaryCard.swift; sourceTree = SOURCE_ROOT; };
		6AE757E92CAE87FE00BEFDE0 /* Macro.app */ = {isa = PBXFileReference; explicitFileType = wrapper.application; includeInIndex = 0; path = Macro.app; sourceTree = BUILT_PRODUCTS_DIR; };
		6AE757EC2CAE87FE00BEFDE0 /* MacroApp.swift */ = {isa = PBXFileReference; lastKnownFileType = sourcecode.swift; path = MacroApp.swift; sourceTree = "<group>"; };
		6AE757EE2CAE87FE00BEFDE0 /* ContentView.swift */ = {isa = PBXFileReference; lastKnownFileType = sourcecode.swift; path = ContentView.swift; sourceTree = "<group>"; };
		6AE757F22CAE87FF00BEFDE0 /* Assets.xcassets */ = {isa = PBXFileReference; lastKnownFileType = folder.assetcatalog; path = Assets.xcassets; sourceTree = "<group>"; };
		6AE757F52CAE87FF00BEFDE0 /* Preview Assets.xcassets */ = {isa = PBXFileReference; lastKnownFileType = folder.assetcatalog; path = "Preview Assets.xcassets"; sourceTree = "<group>"; };
		6AEC4D032CB514C9003DD2F3 /* DietViewModel.swift */ = {isa = PBXFileReference; lastKnownFileType = sourcecode.swift; path = DietViewModel.swift; sourceTree = "<group>"; };
		6AEC4D052CB52429003DD2F3 /* FoodName */ = {isa = PBXFileReference; lastKnownFileType = text; path = FoodName; sourceTree = "<group>"; };
		6AEC4D072CB5268C003DD2F3 /* FoodCache.swift */ = {isa = PBXFileReference; lastKnownFileType = sourcecode.swift; path = FoodCache.swift; sourceTree = "<group>"; };
		6AEC4D092CB526E6003DD2F3 /* FoodFile.swift */ = {isa = PBXFileReference; lastKnownFileType = sourcecode.swift; path = FoodFile.swift; sourceTree = "<group>"; };
		6AEC4D0B2CB539EA003DD2F3 /* Food.swift */ = {isa = PBXFileReference; lastKnownFileType = sourcecode.swift; name = Food.swift; path = Macro/Food.swift; sourceTree = SOURCE_ROOT; };
		6AEC4D0D2CB53A4C003DD2F3 /* Sleep.swift */ = {isa = PBXFileReference; lastKnownFileType = sourcecode.swift; name = Sleep.swift; path = Macro/Sleep.swift; sourceTree = SOURCE_ROOT; };
		6AEC4D0F2CB53AA1003DD2F3 /* Journal.swift */ = {isa = PBXFileReference; lastKnownFileType = sourcecode.swift; name = Journal.swift; path = Macro/Journal.swift; sourceTree = SOURCE_ROOT; };
		6AEF1BEF2CC25AB200B6F89F /* ActivityOnBoardingView.swift */ = {isa = PBXFileReference; lastKnownFileType = sourcecode.swift; path = ActivityOnBoardingView.swift; sourceTree = "<group>"; };
		6AF7EB222CDCCFD700D9AB3E /* JournalImage.swift */ = {isa = PBXFileReference; lastKnownFileType = sourcecode.swift; name = JournalImage.swift; path = Macro/JournalImage.swift; sourceTree = SOURCE_ROOT; };
		712C2BF72CCF8B410032E754 /* FoodAndDrink.json */ = {isa = PBXFileReference; lastKnownFileType = text.json; path = FoodAndDrink.json; sourceTree = "<group>"; };
		712C2BFB2CCF8B750032E754 /* Name */ = {isa = PBXFileReference; lastKnownFileType = text; path = Name; sourceTree = "<group>"; };
		712C2C0D2CD283650032E754 /* NameOnBoardingView.swift */ = {isa = PBXFileReference; lastKnownFileType = sourcecode.swift; path = NameOnBoardingView.swift; sourceTree = "<group>"; };
		712C2C1B2CD36E2C0032E754 /* ReminderView.swift */ = {isa = PBXFileReference; lastKnownFileType = sourcecode.swift; path = ReminderView.swift; sourceTree = "<group>"; };
		712C2C1D2CD379290032E754 /* ReminderViewModel.swift */ = {isa = PBXFileReference; lastKnownFileType = sourcecode.swift; path = ReminderViewModel.swift; sourceTree = "<group>"; };
		712C2C212CD381150032E754 /* AddReminderView.swift */ = {isa = PBXFileReference; lastKnownFileType = sourcecode.swift; path = AddReminderView.swift; sourceTree = "<group>"; };
		712C2C292CD388F60032E754 /* Reminder.swift */ = {isa = PBXFileReference; lastKnownFileType = sourcecode.swift; name = Reminder.swift; path = Macro/Reminder.swift; sourceTree = SOURCE_ROOT; };
		71A2BEC12CC270AA00687EA0 /* ToastView.swift */ = {isa = PBXFileReference; lastKnownFileType = sourcecode.swift; path = ToastView.swift; sourceTree = "<group>"; };
		71CD87F72CDDEF52000FB7E9 /* SkinHealthViewModel.swift */ = {isa = PBXFileReference; lastKnownFileType = sourcecode.swift; path = SkinHealthViewModel.swift; sourceTree = "<group>"; };
		71E364EA2CC108DE00EA4C82 /* UIImageExtension.swift */ = {isa = PBXFileReference; lastKnownFileType = sourcecode.swift; path = UIImageExtension.swift; sourceTree = "<group>"; };
		900D53102CC562EA003D308E /* OnBoardingsViewModel.swift */ = {isa = PBXFileReference; lastKnownFileType = sourcecode.swift; path = OnBoardingsViewModel.swift; sourceTree = "<group>"; };
		900D53232CCB57FE003D308E /* AddSleepCard.swift */ = {isa = PBXFileReference; lastKnownFileType = sourcecode.swift; path = AddSleepCard.swift; sourceTree = "<group>"; };
		900D532D2CCB891D003D308E /* NotificationViewModel.swift */ = {isa = PBXFileReference; lastKnownFileType = sourcecode.swift; path = NotificationViewModel.swift; sourceTree = "<group>"; };
		900D532F2CCB8BBE003D308E /* NotificationView.swift */ = {isa = PBXFileReference; lastKnownFileType = sourcecode.swift; path = NotificationView.swift; sourceTree = "<group>"; };
		900D533F2CCBA322003D308E /* PDFPrintView.swift */ = {isa = PBXFileReference; lastKnownFileType = sourcecode.swift; path = PDFPrintView.swift; sourceTree = "<group>"; };
		9015E76A2CB5190200C1D808 /* HealthManager.swift */ = {isa = PBXFileReference; lastKnownFileType = sourcecode.swift; path = HealthManager.swift; sourceTree = "<group>"; };
		9015E76C2CB51CD300C1D808 /* Macro.entitlements */ = {isa = PBXFileReference; lastKnownFileType = text.plist.entitlements; path = Macro.entitlements; sourceTree = "<group>"; };
		903A7AE72CD375BB00452B78 /* DatePickerView.swift */ = {isa = PBXFileReference; lastKnownFileType = sourcecode.swift; path = DatePickerView.swift; sourceTree = "<group>"; };
		903A7AE92CD38FA800452B78 /* SettingsView.swift */ = {isa = PBXFileReference; lastKnownFileType = sourcecode.swift; path = SettingsView.swift; sourceTree = "<group>"; };
		906D4E7C2CCF97F7001047C5 /* AddFoodView.swift */ = {isa = PBXFileReference; lastKnownFileType = sourcecode.swift; path = AddFoodView.swift; sourceTree = "<group>"; };
		906D4E802CCF9A77001047C5 /* FoodInformationCard.swift */ = {isa = PBXFileReference; lastKnownFileType = sourcecode.swift; path = FoodInformationCard.swift; sourceTree = "<group>"; };
		9094D8222CBD039500BA62EF /* JournalView.swift */ = {isa = PBXFileReference; lastKnownFileType = sourcecode.swift; name = JournalView.swift; path = Macro/Journal/JournalView.swift; sourceTree = SOURCE_ROOT; };
		9094D8242CBD03B700BA62EF /* JournalViewModel.swift */ = {isa = PBXFileReference; lastKnownFileType = sourcecode.swift; path = JournalViewModel.swift; sourceTree = "<group>"; };
		9094D8262CBD040100BA62EF /* ImagePickerViewModel.swift */ = {isa = PBXFileReference; lastKnownFileType = sourcecode.swift; path = ImagePickerViewModel.swift; sourceTree = "<group>"; };
		9094D8282CBD043200BA62EF /* MenuView.swift */ = {isa = PBXFileReference; lastKnownFileType = sourcecode.swift; name = MenuView.swift; path = Macro/Journal/ViewModel/MenuView.swift; sourceTree = SOURCE_ROOT; };
		9094D82A2CBD0D0700BA62EF /* AddSleepView.swift */ = {isa = PBXFileReference; lastKnownFileType = sourcecode.swift; name = AddSleepView.swift; path = Macro/Journal/ViewModel/AddSleepView.swift; sourceTree = SOURCE_ROOT; };
		9094D8302CBE4FBA00BA62EF /* HistoryView.swift */ = {isa = PBXFileReference; lastKnownFileType = sourcecode.swift; name = HistoryView.swift; path = Macro/Journal/ViewModel/HistoryView.swift; sourceTree = SOURCE_ROOT; };
		9094D8322CBE594D00BA62EF /* FoodDetailHistoryView.swift */ = {isa = PBXFileReference; lastKnownFileType = sourcecode.swift; name = FoodDetailHistoryView.swift; path = Macro/Journal/ViewModel/FoodDetailHistoryView.swift; sourceTree = SOURCE_ROOT; };
		9094D8342CBE5AA700BA62EF /* PrivacyOnBoardingView.swift */ = {isa = PBXFileReference; lastKnownFileType = sourcecode.swift; name = PrivacyOnBoardingView.swift; path = Macro/Journal/View/Onboarding/PrivacyOnBoardingView.swift; sourceTree = SOURCE_ROOT; };
		9094D8362CBE626100BA62EF /* HealthOnBoardingView.swift */ = {isa = PBXFileReference; lastKnownFileType = sourcecode.swift; name = HealthOnBoardingView.swift; path = Macro/Journal/View/Onboarding/HealthOnBoardingView.swift; sourceTree = SOURCE_ROOT; };
		9094D8382CBE776200BA62EF /* AgeOnBoardingView.swift */ = {isa = PBXFileReference; lastKnownFileType = sourcecode.swift; name = AgeOnBoardingView.swift; path = Macro/Journal/View/Onboarding/AgeOnBoardingView.swift; sourceTree = SOURCE_ROOT; };
		9094D83B2CBF6C1F00BA62EF /* HeightOnBoardingView.swift */ = {isa = PBXFileReference; lastKnownFileType = sourcecode.swift; path = HeightOnBoardingView.swift; sourceTree = "<group>"; };
		9094D83D2CBF8DAD00BA62EF /* WeightOnBoardingView.swift */ = {isa = PBXFileReference; lastKnownFileType = sourcecode.swift; path = WeightOnBoardingView.swift; sourceTree = "<group>"; };
		9094D83F2CBF907700BA62EF /* GenderOnBoardingView.swift */ = {isa = PBXFileReference; lastKnownFileType = sourcecode.swift; path = GenderOnBoardingView.swift; sourceTree = "<group>"; };
		9094D84B2CC109F400BA62EF /* DetailSummaryView.swift */ = {isa = PBXFileReference; lastKnownFileType = sourcecode.swift; path = DetailSummaryView.swift; sourceTree = "<group>"; };
		909F47F02CDCD596005B022D /* AddJournalView.swift */ = {isa = PBXFileReference; lastKnownFileType = sourcecode.swift; path = AddJournalView.swift; sourceTree = "<group>"; };
		909F47F22CDCD5A9005B022D /* SkinHealthView.swift */ = {isa = PBXFileReference; lastKnownFileType = sourcecode.swift; path = SkinHealthView.swift; sourceTree = "<group>"; };
		90FB78C52CD221830068E7B1 /* TableCard.swift */ = {isa = PBXFileReference; lastKnownFileType = sourcecode.swift; path = TableCard.swift; sourceTree = "<group>"; };
		90FB78C72CD23E580068E7B1 /* GlycemicCard.swift */ = {isa = PBXFileReference; lastKnownFileType = sourcecode.swift; path = GlycemicCard.swift; sourceTree = "<group>"; };
/* End PBXFileReference section */

/* Begin PBXFileSystemSynchronizedRootGroup section */
		71E364E52CC108B200EA4C82 /* Model */ = {isa = PBXFileSystemSynchronizedRootGroup; explicitFileTypes = {}; explicitFolders = (); path = Model; sourceTree = "<group>"; };
/* End PBXFileSystemSynchronizedRootGroup section */

/* Begin PBXFrameworksBuildPhase section */
		6AE757E62CAE87FE00BEFDE0 /* Frameworks */ = {
			isa = PBXFrameworksBuildPhase;
			buildActionMask = 2147483647;
			files = (
			);
			runOnlyForDeploymentPostprocessing = 0;
		};
/* End PBXFrameworksBuildPhase section */

/* Begin PBXGroup section */
		6A0777792CC14CA60065F3D0 /* Recovered References */ = {
			isa = PBXGroup;
			children = (
				6A3A6AF92CBFB187009319F8 /* SummaryView.swift */,
			);
			name = "Recovered References";
			sourceTree = "<group>";
		};
		6A3A6AD92CB7BE9C009319F8 /* Journal */ = {
			isa = PBXGroup;
			children = (
				71E364E52CC108B200EA4C82 /* Model */,
				6A3A6AE32CB7BEE0009319F8 /* ViewModel */,
				6A3A6AE22CB7BEDB009319F8 /* View */,
			);
			path = Journal;
			sourceTree = "<group>";
		};
		6A3A6ADA2CB7BEA2009319F8 /* Search */ = {
			isa = PBXGroup;
			children = (
				6A3A6AE12CB7BED4009319F8 /* Model */,
				6A3A6AE02CB7BECD009319F8 /* ViewModel */,
				6A3A6ADF2CB7BEC7009319F8 /* View */,
			);
			path = Search;
			sourceTree = "<group>";
		};
		6A3A6ADB2CB7BEA9009319F8 /* Summary */ = {
			isa = PBXGroup;
			children = (
				6A3A6ADE2CB7BEC1009319F8 /* Model */,
				6A3A6ADD2CB7BEBA009319F8 /* ViewModel */,
				6A3A6ADC2CB7BEB2009319F8 /* View */,
			);
			path = Summary;
			sourceTree = "<group>";
		};
		6A3A6ADC2CB7BEB2009319F8 /* View */ = {
			isa = PBXGroup;
			children = (
				90FB78C72CD23E580068E7B1 /* GlycemicCard.swift */,
				90FB78C52CD221830068E7B1 /* TableCard.swift */,
				900D533F2CCBA322003D308E /* PDFPrintView.swift */,
				6A3A6AFD2CC0D639009319F8 /* SummaryView.swift */,
				6A3A6B032CC0D6D8009319F8 /* SummaryCard.swift */,
				9094D84B2CC109F400BA62EF /* DetailSummaryView.swift */,
			);
			path = View;
			sourceTree = "<group>";
		};
		6A3A6ADD2CB7BEBA009319F8 /* ViewModel */ = {
			isa = PBXGroup;
			children = (
				6A3A6B012CC0D65A009319F8 /* SummaryViewModel.swift */,
			);
			path = ViewModel;
			sourceTree = "<group>";
		};
		6A3A6ADE2CB7BEC1009319F8 /* Model */ = {
			isa = PBXGroup;
			children = (
			);
			path = Model;
			sourceTree = "<group>";
		};
		6A3A6ADF2CB7BEC7009319F8 /* View */ = {
			isa = PBXGroup;
			children = (
				906D4E802CCF9A77001047C5 /* FoodInformationCard.swift */,
				906D4E7C2CCF97F7001047C5 /* AddFoodView.swift */,
				6A3A6AE92CBD08DF009319F8 /* SearchView.swift */,
				6A3A6AED2CBD13DF009319F8 /* CustomSearchBar.swift */,
				6A3A6AF12CBE5C62009319F8 /* SearchCard.swift */,
				6A3A6AFB2CC0C5E2009319F8 /* DetailSearchView.swift */,
			);
			path = View;
			sourceTree = "<group>";
		};
		6A3A6AE02CB7BECD009319F8 /* ViewModel */ = {
			isa = PBXGroup;
			children = (
				6AEC4D032CB514C9003DD2F3 /* DietViewModel.swift */,
				6A3A6AEB2CBD0932009319F8 /* SearchViewModel.swift */,
			);
			path = ViewModel;
			sourceTree = "<group>";
		};
		6A3A6AE12CB7BED4009319F8 /* Model */ = {
			isa = PBXGroup;
			children = (
				712C2BFB2CCF8B750032E754 /* Name */,
				712C2BF72CCF8B410032E754 /* FoodAndDrink.json */,
				6A3A6AEF2CBD2203009319F8 /* NutrisiMakanan.json */,
				6AEC4D072CB5268C003DD2F3 /* FoodCache.swift */,
				6AEC4D092CB526E6003DD2F3 /* FoodFile.swift */,
				6AEC4D052CB52429003DD2F3 /* FoodName */,
			);
			path = Model;
			sourceTree = "<group>";
		};
		6A3A6AE22CB7BEDB009319F8 /* View */ = {
			isa = PBXGroup;
			children = (
				909F47F22CDCD5A9005B022D /* SkinHealthView.swift */,
				909F47F02CDCD596005B022D /* AddJournalView.swift */,
				712C2C212CD381150032E754 /* AddReminderView.swift */,
				712C2C1B2CD36E2C0032E754 /* ReminderView.swift */,
				900D53232CCB57FE003D308E /* AddSleepCard.swift */,
				903A7AE92CD38FA800452B78 /* SettingsView.swift */,
				903A7AE72CD375BB00452B78 /* DatePickerView.swift */,
				900D532F2CCB8BBE003D308E /* NotificationView.swift */,
				71A2BEC12CC270AA00687EA0 /* ToastView.swift */,
				9094D83A2CBE79D100BA62EF /* Onboarding */,
				9094D8222CBD039500BA62EF /* JournalView.swift */,
				9094D8282CBD043200BA62EF /* MenuView.swift */,
				9094D82A2CBD0D0700BA62EF /* AddSleepView.swift */,
				9094D8302CBE4FBA00BA62EF /* HistoryView.swift */,
				9094D8322CBE594D00BA62EF /* FoodDetailHistoryView.swift */,
				6A3A6AF52CBF6C50009319F8 /* SleepDetailHistoryView.swift */,
			);
			path = View;
			sourceTree = "<group>";
		};
		6A3A6AE32CB7BEE0009319F8 /* ViewModel */ = {
			isa = PBXGroup;
			children = (
				71CD87F72CDDEF52000FB7E9 /* SkinHealthViewModel.swift */,
				712C2C1D2CD379290032E754 /* ReminderViewModel.swift */,
				900D532D2CCB891D003D308E /* NotificationViewModel.swift */,
				900D53102CC562EA003D308E /* OnBoardingsViewModel.swift */,
				71E364EA2CC108DE00EA4C82 /* UIImageExtension.swift */,
				9015E76A2CB5190200C1D808 /* HealthManager.swift */,
				9094D8242CBD03B700BA62EF /* JournalViewModel.swift */,
				9094D8262CBD040100BA62EF /* ImagePickerViewModel.swift */,
			);
			path = ViewModel;
			sourceTree = "<group>";
		};
		6AE757E02CAE87FE00BEFDE0 = {
			isa = PBXGroup;
			children = (
				6AE757EB2CAE87FE00BEFDE0 /* Macro */,
				6AE757EA2CAE87FE00BEFDE0 /* Products */,
				6A0777792CC14CA60065F3D0 /* Recovered References */,
			);
			sourceTree = "<group>";
		};
		6AE757EA2CAE87FE00BEFDE0 /* Products */ = {
			isa = PBXGroup;
			children = (
				6AE757E92CAE87FE00BEFDE0 /* Macro.app */,
			);
			name = Products;
			sourceTree = "<group>";
		};
		6AE757EB2CAE87FE00BEFDE0 /* Macro */ = {
			isa = PBXGroup;
			children = (
				9015E76C2CB51CD300C1D808 /* Macro.entitlements */,
				6A3A6ADB2CB7BEA9009319F8 /* Summary */,
				6A3A6ADA2CB7BEA2009319F8 /* Search */,
				6A3A6AD92CB7BE9C009319F8 /* Journal */,
				6AEC4CFE2CB50FCE003DD2F3 /* Model */,
				6AE757EC2CAE87FE00BEFDE0 /* MacroApp.swift */,
				6AE757EE2CAE87FE00BEFDE0 /* ContentView.swift */,
				6A3A6AF72CBFA927009319F8 /* RootView.swift */,
				6AE757F22CAE87FF00BEFDE0 /* Assets.xcassets */,
				6AE757F42CAE87FF00BEFDE0 /* Preview Content */,
			);
			path = Macro;
			sourceTree = "<group>";
		};
		6AE757F42CAE87FF00BEFDE0 /* Preview Content */ = {
			isa = PBXGroup;
			children = (
				6AE757F52CAE87FF00BEFDE0 /* Preview Assets.xcassets */,
			);
			path = "Preview Content";
			sourceTree = "<group>";
		};
		6AEC4CFE2CB50FCE003DD2F3 /* Model */ = {
			isa = PBXGroup;
			children = (
				6AEC4D0B2CB539EA003DD2F3 /* Food.swift */,
				6AEC4D0D2CB53A4C003DD2F3 /* Sleep.swift */,
				6AEC4D0F2CB53AA1003DD2F3 /* Journal.swift */,
				712C2C292CD388F60032E754 /* Reminder.swift */,
				6AF7EB222CDCCFD700D9AB3E /* JournalImage.swift */,
			);
			path = Model;
			sourceTree = "<group>";
		};
		9094D83A2CBE79D100BA62EF /* Onboarding */ = {
			isa = PBXGroup;
			children = (
				712C2C0D2CD283650032E754 /* NameOnBoardingView.swift */,
				9094D8382CBE776200BA62EF /* AgeOnBoardingView.swift */,
				9094D83B2CBF6C1F00BA62EF /* HeightOnBoardingView.swift */,
				9094D83D2CBF8DAD00BA62EF /* WeightOnBoardingView.swift */,
				9094D83F2CBF907700BA62EF /* GenderOnBoardingView.swift */,
				6AEF1BEF2CC25AB200B6F89F /* ActivityOnBoardingView.swift */,
				9094D8342CBE5AA700BA62EF /* PrivacyOnBoardingView.swift */,
				9094D8362CBE626100BA62EF /* HealthOnBoardingView.swift */,
			);
			path = Onboarding;
			sourceTree = "<group>";
		};
/* End PBXGroup section */

/* Begin PBXNativeTarget section */
		6AE757E82CAE87FE00BEFDE0 /* Macro */ = {
			isa = PBXNativeTarget;
			buildConfigurationList = 6AE757F92CAE87FF00BEFDE0 /* Build configuration list for PBXNativeTarget "Macro" */;
			buildPhases = (
				6AE757E52CAE87FE00BEFDE0 /* Sources */,
				6AE757E62CAE87FE00BEFDE0 /* Frameworks */,
				6AE757E72CAE87FE00BEFDE0 /* Resources */,
			);
			buildRules = (
			);
			dependencies = (
			);
			fileSystemSynchronizedGroups = (
				71E364E52CC108B200EA4C82 /* Model */,
			);
			name = Macro;
			productName = Macro;
			productReference = 6AE757E92CAE87FE00BEFDE0 /* Macro.app */;
			productType = "com.apple.product-type.application";
		};
/* End PBXNativeTarget section */

/* Begin PBXProject section */
		6AE757E12CAE87FE00BEFDE0 /* Project object */ = {
			isa = PBXProject;
			attributes = {
				BuildIndependentTargetsInParallel = 1;
				LastSwiftUpdateCheck = 1520;
				LastUpgradeCheck = 1520;
				TargetAttributes = {
					6AE757E82CAE87FE00BEFDE0 = {
						CreatedOnToolsVersion = 15.2;
					};
				};
			};
			buildConfigurationList = 6AE757E42CAE87FE00BEFDE0 /* Build configuration list for PBXProject "Macro" */;
			compatibilityVersion = "Xcode 14.0";
			developmentRegion = en;
			hasScannedForEncodings = 0;
			knownRegions = (
				en,
				Base,
			);
			mainGroup = 6AE757E02CAE87FE00BEFDE0;
			productRefGroup = 6AE757EA2CAE87FE00BEFDE0 /* Products */;
			projectDirPath = "";
			projectRoot = "";
			targets = (
				6AE757E82CAE87FE00BEFDE0 /* Macro */,
			);
		};
/* End PBXProject section */

/* Begin PBXResourcesBuildPhase section */
		6AE757E72CAE87FE00BEFDE0 /* Resources */ = {
			isa = PBXResourcesBuildPhase;
			buildActionMask = 2147483647;
			files = (
				6AEC4D062CB52429003DD2F3 /* FoodName in Resources */,
				6A3A6AF02CBD2203009319F8 /* NutrisiMakanan.json in Resources */,
				6AE757F62CAE87FF00BEFDE0 /* Preview Assets.xcassets in Resources */,
				712C2BF82CCF8B490032E754 /* FoodAndDrink.json in Resources */,
				6AE757F32CAE87FF00BEFDE0 /* Assets.xcassets in Resources */,
				712C2BFC2CCF8B7A0032E754 /* Name in Resources */,
			);
			runOnlyForDeploymentPostprocessing = 0;
		};
/* End PBXResourcesBuildPhase section */

/* Begin PBXSourcesBuildPhase section */
		6AE757E52CAE87FE00BEFDE0 /* Sources */ = {
			isa = PBXSourcesBuildPhase;
			buildActionMask = 2147483647;
			files = (
				712C2C2A2CD388F60032E754 /* Reminder.swift in Sources */,
				9094D8252CBD03B700BA62EF /* JournalViewModel.swift in Sources */,
				9094D8392CBE776200BA62EF /* AgeOnBoardingView.swift in Sources */,
				909F47F32CDCD5A9005B022D /* SkinHealthView.swift in Sources */,
				9094D8232CBD039500BA62EF /* JournalView.swift in Sources */,
				9094D82B2CBD0D0700BA62EF /* AddSleepView.swift in Sources */,
				6AEC4D082CB5268C003DD2F3 /* FoodCache.swift in Sources */,
				9094D83C2CBF6C1F00BA62EF /* HeightOnBoardingView.swift in Sources */,
				6A3A6AEE2CBD13DF009319F8 /* CustomSearchBar.swift in Sources */,
				900D53242CCB580C003D308E /* AddSleepCard.swift in Sources */,
				6AEC4D042CB514C9003DD2F3 /* DietViewModel.swift in Sources */,
				9094D8402CBF907700BA62EF /* GenderOnBoardingView.swift in Sources */,
				6AE757EF2CAE87FE00BEFDE0 /* ContentView.swift in Sources */,
				6A3A6AFC2CC0C5E2009319F8 /* DetailSearchView.swift in Sources */,
				6AEC4D0E2CB53A4C003DD2F3 /* Sleep.swift in Sources */,
				6AEC4D0C2CB539EA003DD2F3 /* Food.swift in Sources */,
				90FB78C82CD23E600068E7B1 /* GlycemicCard.swift in Sources */,
				9094D8292CBD043200BA62EF /* MenuView.swift in Sources */,
				903A7AE82CD375BB00452B78 /* DatePickerView.swift in Sources */,
				71CD87F82CDDEF5D000FB7E9 /* SkinHealthViewModel.swift in Sources */,
				6A3A6B022CC0D65A009319F8 /* SummaryViewModel.swift in Sources */,
				712C2C222CD3811A0032E754 /* AddReminderView.swift in Sources */,
				6A3A6AEC2CBD0932009319F8 /* SearchViewModel.swift in Sources */,
				6AEC4D0A2CB526E6003DD2F3 /* FoodFile.swift in Sources */,
				909F47F12CDCD596005B022D /* AddJournalView.swift in Sources */,
				9094D8272CBD040100BA62EF /* ImagePickerViewModel.swift in Sources */,
				906D4E7D2CCF980D001047C5 /* AddFoodView.swift in Sources */,
				9094D8372CBE626100BA62EF /* HealthOnBoardingView.swift in Sources */,
				90FB78C62CD2218D0068E7B1 /* TableCard.swift in Sources */,
				900D53402CCBA322003D308E /* PDFPrintView.swift in Sources */,
				71E364EB2CC108E500EA4C82 /* UIImageExtension.swift in Sources */,
				6AE757ED2CAE87FE00BEFDE0 /* MacroApp.swift in Sources */,
				906D4E812CCF9A83001047C5 /* FoodInformationCard.swift in Sources */,
				903A7AEA2CD38FB600452B78 /* SettingsView.swift in Sources */,
				900D53302CCB8BC8003D308E /* NotificationView.swift in Sources */,
				6A3A6B042CC0D6D8009319F8 /* SummaryCard.swift in Sources */,
				71A2BEC22CC270BF00687EA0 /* ToastView.swift in Sources */,
				9015E76B2CB5190200C1D808 /* HealthManager.swift in Sources */,
				712C2C0E2CD2836C0032E754 /* NameOnBoardingView.swift in Sources */,
				9094D84C2CC109F400BA62EF /* DetailSummaryView.swift in Sources */,
				6A3A6AFE2CC0D639009319F8 /* SummaryView.swift in Sources */,
				6AEF1BF02CC25AB200B6F89F /* ActivityOnBoardingView.swift in Sources */,
				712C2C1E2CD379330032E754 /* ReminderViewModel.swift in Sources */,
				9094D8312CBE4FBA00BA62EF /* HistoryView.swift in Sources */,
				9094D8332CBE594D00BA62EF /* FoodDetailHistoryView.swift in Sources */,
				6A3A6AF62CBF6C50009319F8 /* SleepDetailHistoryView.swift in Sources */,
				6AF7EB232CDCCFD700D9AB3E /* JournalImage.swift in Sources */,
				6A3A6AF82CBFA927009319F8 /* RootView.swift in Sources */,
				9094D83E2CBF8DAD00BA62EF /* WeightOnBoardingView.swift in Sources */,
				9094D8352CBE5AA700BA62EF /* PrivacyOnBoardingView.swift in Sources */,
				6A3A6AF22CBE5C62009319F8 /* SearchCard.swift in Sources */,
				712C2C1C2CD36E340032E754 /* ReminderView.swift in Sources */,
				900D532E2CCB8932003D308E /* NotificationViewModel.swift in Sources */,
				900D53112CC562EA003D308E /* OnBoardingsViewModel.swift in Sources */,
				6AEC4D102CB53AA1003DD2F3 /* Journal.swift in Sources */,
				6A3A6AEA2CBD08DF009319F8 /* SearchView.swift in Sources */,
			);
			runOnlyForDeploymentPostprocessing = 0;
		};
/* End PBXSourcesBuildPhase section */

/* Begin XCBuildConfiguration section */
		6AE757F72CAE87FF00BEFDE0 /* Debug */ = {
			isa = XCBuildConfiguration;
			buildSettings = {
				ALWAYS_SEARCH_USER_PATHS = NO;
				ASSETCATALOG_COMPILER_GENERATE_SWIFT_ASSET_SYMBOL_EXTENSIONS = YES;
				CLANG_ANALYZER_NONNULL = YES;
				CLANG_ANALYZER_NUMBER_OBJECT_CONVERSION = YES_AGGRESSIVE;
				CLANG_CXX_LANGUAGE_STANDARD = "gnu++20";
				CLANG_ENABLE_MODULES = YES;
				CLANG_ENABLE_OBJC_ARC = YES;
				CLANG_ENABLE_OBJC_WEAK = YES;
				CLANG_WARN_BLOCK_CAPTURE_AUTORELEASING = YES;
				CLANG_WARN_BOOL_CONVERSION = YES;
				CLANG_WARN_COMMA = YES;
				CLANG_WARN_CONSTANT_CONVERSION = YES;
				CLANG_WARN_DEPRECATED_OBJC_IMPLEMENTATIONS = YES;
				CLANG_WARN_DIRECT_OBJC_ISA_USAGE = YES_ERROR;
				CLANG_WARN_DOCUMENTATION_COMMENTS = YES;
				CLANG_WARN_EMPTY_BODY = YES;
				CLANG_WARN_ENUM_CONVERSION = YES;
				CLANG_WARN_INFINITE_RECURSION = YES;
				CLANG_WARN_INT_CONVERSION = YES;
				CLANG_WARN_NON_LITERAL_NULL_CONVERSION = YES;
				CLANG_WARN_OBJC_IMPLICIT_RETAIN_SELF = YES;
				CLANG_WARN_OBJC_LITERAL_CONVERSION = YES;
				CLANG_WARN_OBJC_ROOT_CLASS = YES_ERROR;
				CLANG_WARN_QUOTED_INCLUDE_IN_FRAMEWORK_HEADER = YES;
				CLANG_WARN_RANGE_LOOP_ANALYSIS = YES;
				CLANG_WARN_STRICT_PROTOTYPES = YES;
				CLANG_WARN_SUSPICIOUS_MOVE = YES;
				CLANG_WARN_UNGUARDED_AVAILABILITY = YES_AGGRESSIVE;
				CLANG_WARN_UNREACHABLE_CODE = YES;
				CLANG_WARN__DUPLICATE_METHOD_MATCH = YES;
				COPY_PHASE_STRIP = NO;
				DEBUG_INFORMATION_FORMAT = dwarf;
				ENABLE_STRICT_OBJC_MSGSEND = YES;
				ENABLE_TESTABILITY = YES;
				ENABLE_USER_SCRIPT_SANDBOXING = YES;
				GCC_C_LANGUAGE_STANDARD = gnu17;
				GCC_DYNAMIC_NO_PIC = NO;
				GCC_NO_COMMON_BLOCKS = YES;
				GCC_OPTIMIZATION_LEVEL = 0;
				GCC_PREPROCESSOR_DEFINITIONS = (
					"DEBUG=1",
					"$(inherited)",
				);
				GCC_WARN_64_TO_32_BIT_CONVERSION = YES;
				GCC_WARN_ABOUT_RETURN_TYPE = YES_ERROR;
				GCC_WARN_UNDECLARED_SELECTOR = YES;
				GCC_WARN_UNINITIALIZED_AUTOS = YES_AGGRESSIVE;
				GCC_WARN_UNUSED_FUNCTION = YES;
				GCC_WARN_UNUSED_VARIABLE = YES;
				IPHONEOS_DEPLOYMENT_TARGET = 17.2;
				LOCALIZATION_PREFERS_STRING_CATALOGS = YES;
				MTL_ENABLE_DEBUG_INFO = INCLUDE_SOURCE;
				MTL_FAST_MATH = YES;
				ONLY_ACTIVE_ARCH = YES;
				SDKROOT = iphoneos;
				SWIFT_ACTIVE_COMPILATION_CONDITIONS = "DEBUG $(inherited)";
				SWIFT_OPTIMIZATION_LEVEL = "-Onone";
			};
			name = Debug;
		};
		6AE757F82CAE87FF00BEFDE0 /* Release */ = {
			isa = XCBuildConfiguration;
			buildSettings = {
				ALWAYS_SEARCH_USER_PATHS = NO;
				ASSETCATALOG_COMPILER_GENERATE_SWIFT_ASSET_SYMBOL_EXTENSIONS = YES;
				CLANG_ANALYZER_NONNULL = YES;
				CLANG_ANALYZER_NUMBER_OBJECT_CONVERSION = YES_AGGRESSIVE;
				CLANG_CXX_LANGUAGE_STANDARD = "gnu++20";
				CLANG_ENABLE_MODULES = YES;
				CLANG_ENABLE_OBJC_ARC = YES;
				CLANG_ENABLE_OBJC_WEAK = YES;
				CLANG_WARN_BLOCK_CAPTURE_AUTORELEASING = YES;
				CLANG_WARN_BOOL_CONVERSION = YES;
				CLANG_WARN_COMMA = YES;
				CLANG_WARN_CONSTANT_CONVERSION = YES;
				CLANG_WARN_DEPRECATED_OBJC_IMPLEMENTATIONS = YES;
				CLANG_WARN_DIRECT_OBJC_ISA_USAGE = YES_ERROR;
				CLANG_WARN_DOCUMENTATION_COMMENTS = YES;
				CLANG_WARN_EMPTY_BODY = YES;
				CLANG_WARN_ENUM_CONVERSION = YES;
				CLANG_WARN_INFINITE_RECURSION = YES;
				CLANG_WARN_INT_CONVERSION = YES;
				CLANG_WARN_NON_LITERAL_NULL_CONVERSION = YES;
				CLANG_WARN_OBJC_IMPLICIT_RETAIN_SELF = YES;
				CLANG_WARN_OBJC_LITERAL_CONVERSION = YES;
				CLANG_WARN_OBJC_ROOT_CLASS = YES_ERROR;
				CLANG_WARN_QUOTED_INCLUDE_IN_FRAMEWORK_HEADER = YES;
				CLANG_WARN_RANGE_LOOP_ANALYSIS = YES;
				CLANG_WARN_STRICT_PROTOTYPES = YES;
				CLANG_WARN_SUSPICIOUS_MOVE = YES;
				CLANG_WARN_UNGUARDED_AVAILABILITY = YES_AGGRESSIVE;
				CLANG_WARN_UNREACHABLE_CODE = YES;
				CLANG_WARN__DUPLICATE_METHOD_MATCH = YES;
				COPY_PHASE_STRIP = NO;
				DEBUG_INFORMATION_FORMAT = "dwarf-with-dsym";
				ENABLE_NS_ASSERTIONS = NO;
				ENABLE_STRICT_OBJC_MSGSEND = YES;
				ENABLE_USER_SCRIPT_SANDBOXING = YES;
				GCC_C_LANGUAGE_STANDARD = gnu17;
				GCC_NO_COMMON_BLOCKS = YES;
				GCC_WARN_64_TO_32_BIT_CONVERSION = YES;
				GCC_WARN_ABOUT_RETURN_TYPE = YES_ERROR;
				GCC_WARN_UNDECLARED_SELECTOR = YES;
				GCC_WARN_UNINITIALIZED_AUTOS = YES_AGGRESSIVE;
				GCC_WARN_UNUSED_FUNCTION = YES;
				GCC_WARN_UNUSED_VARIABLE = YES;
				IPHONEOS_DEPLOYMENT_TARGET = 17.2;
				LOCALIZATION_PREFERS_STRING_CATALOGS = YES;
				MTL_ENABLE_DEBUG_INFO = NO;
				MTL_FAST_MATH = YES;
				SDKROOT = iphoneos;
				SWIFT_COMPILATION_MODE = wholemodule;
				VALIDATE_PRODUCT = YES;
			};
			name = Release;
		};
		6AE757FA2CAE87FF00BEFDE0 /* Debug */ = {
			isa = XCBuildConfiguration;
			buildSettings = {
				ASSETCATALOG_COMPILER_APPICON_NAME = AppIcon;
				ASSETCATALOG_COMPILER_GLOBAL_ACCENT_COLOR_NAME = AccentColor;
				CODE_SIGN_ENTITLEMENTS = Macro/Macro.entitlements;
				CODE_SIGN_STYLE = Automatic;
				CURRENT_PROJECT_VERSION = 1;
				DEVELOPMENT_ASSET_PATHS = "\"Macro/Preview Content\"";
				DEVELOPMENT_TEAM = 4C9DP8TQPJ;
				ENABLE_PREVIEWS = YES;
				GENERATE_INFOPLIST_FILE = YES;
				INFOPLIST_KEY_NSAppleMusicUsageDescription = "";
				INFOPLIST_KEY_NSCameraUsageDescription = "Please allow access to camera";
				INFOPLIST_KEY_NSHealthShareUsageDescription = "Please allow access to sync your sleeps";
				INFOPLIST_KEY_UIApplicationSceneManifest_Generation = YES;
				INFOPLIST_KEY_UIApplicationSupportsIndirectInputEvents = YES;
				INFOPLIST_KEY_UILaunchScreen_Generation = YES;
				INFOPLIST_KEY_UISupportedInterfaceOrientations_iPad = "UIInterfaceOrientationPortrait UIInterfaceOrientationPortraitUpsideDown UIInterfaceOrientationLandscapeLeft UIInterfaceOrientationLandscapeRight";
				INFOPLIST_KEY_UISupportedInterfaceOrientations_iPhone = "UIInterfaceOrientationPortrait UIInterfaceOrientationLandscapeLeft UIInterfaceOrientationLandscapeRight";
				LD_RUNPATH_SEARCH_PATHS = (
					"$(inherited)",
					"@executable_path/Frameworks",
				);
				MARKETING_VERSION = 1.0;
				PRODUCT_BUNDLE_IDENTIFIER = ada.Macro;
				PRODUCT_NAME = "$(TARGET_NAME)";
				SWIFT_EMIT_LOC_STRINGS = YES;
				SWIFT_VERSION = 5.0;
				TARGETED_DEVICE_FAMILY = "1,2";
			};
			name = Debug;
		};
		6AE757FB2CAE87FF00BEFDE0 /* Release */ = {
			isa = XCBuildConfiguration;
			buildSettings = {
				ASSETCATALOG_COMPILER_APPICON_NAME = AppIcon;
				ASSETCATALOG_COMPILER_GLOBAL_ACCENT_COLOR_NAME = AccentColor;
				CODE_SIGN_ENTITLEMENTS = Macro/Macro.entitlements;
				CODE_SIGN_STYLE = Automatic;
				CURRENT_PROJECT_VERSION = 1;
				DEVELOPMENT_ASSET_PATHS = "\"Macro/Preview Content\"";
				DEVELOPMENT_TEAM = 4C9DP8TQPJ;
				ENABLE_PREVIEWS = YES;
				GENERATE_INFOPLIST_FILE = YES;
				INFOPLIST_KEY_NSAppleMusicUsageDescription = "";
				INFOPLIST_KEY_NSCameraUsageDescription = "Please allow access to camera";
				INFOPLIST_KEY_NSHealthShareUsageDescription = "Please allow access to sync your sleeps";
				INFOPLIST_KEY_UIApplicationSceneManifest_Generation = YES;
				INFOPLIST_KEY_UIApplicationSupportsIndirectInputEvents = YES;
				INFOPLIST_KEY_UILaunchScreen_Generation = YES;
				INFOPLIST_KEY_UISupportedInterfaceOrientations_iPad = "UIInterfaceOrientationPortrait UIInterfaceOrientationPortraitUpsideDown UIInterfaceOrientationLandscapeLeft UIInterfaceOrientationLandscapeRight";
				INFOPLIST_KEY_UISupportedInterfaceOrientations_iPhone = "UIInterfaceOrientationPortrait UIInterfaceOrientationLandscapeLeft UIInterfaceOrientationLandscapeRight";
				LD_RUNPATH_SEARCH_PATHS = (
					"$(inherited)",
					"@executable_path/Frameworks",
				);
				MARKETING_VERSION = 1.0;
				PRODUCT_BUNDLE_IDENTIFIER = ada.Macro;
				PRODUCT_NAME = "$(TARGET_NAME)";
				SWIFT_EMIT_LOC_STRINGS = YES;
				SWIFT_VERSION = 5.0;
				TARGETED_DEVICE_FAMILY = "1,2";
			};
			name = Release;
		};
/* End XCBuildConfiguration section */

/* Begin XCConfigurationList section */
		6AE757E42CAE87FE00BEFDE0 /* Build configuration list for PBXProject "Macro" */ = {
			isa = XCConfigurationList;
			buildConfigurations = (
				6AE757F72CAE87FF00BEFDE0 /* Debug */,
				6AE757F82CAE87FF00BEFDE0 /* Release */,
			);
			defaultConfigurationIsVisible = 0;
			defaultConfigurationName = Release;
		};
		6AE757F92CAE87FF00BEFDE0 /* Build configuration list for PBXNativeTarget "Macro" */ = {
			isa = XCConfigurationList;
			buildConfigurations = (
				6AE757FA2CAE87FF00BEFDE0 /* Debug */,
				6AE757FB2CAE87FF00BEFDE0 /* Release */,
			);
			defaultConfigurationIsVisible = 0;
			defaultConfigurationName = Release;
		};
/* End XCConfigurationList section */
	};
	rootObject = 6AE757E12CAE87FE00BEFDE0 /* Project object */;
}
