// !$*UTF8*$!
{
	archiveVersion = 1;
	classes = {
	};
	objectVersion = 56;
	objects = {

/* Begin PBXBuildFile section */
		6A3A6AFE2CC0D639009319F8 /* SummaryView.swift in Sources */ = {isa = PBXBuildFile; fileRef = 6A3A6AFD2CC0D639009319F8 /* SummaryView.swift */; };
		6A3A6B002CC0D64D009319F8 /* DetailSummaryView.swift in Sources */ = {isa = PBXBuildFile; fileRef = 6A3A6AFF2CC0D64D009319F8 /* DetailSummaryView.swift */; };
		6A3A6B022CC0D65A009319F8 /* SummaryViewModel.swift in Sources */ = {isa = PBXBuildFile; fileRef = 6A3A6B012CC0D65A009319F8 /* SummaryViewModel.swift */; };
		6A3A6B042CC0D6D8009319F8 /* SummaryCard.swift in Sources */ = {isa = PBXBuildFile; fileRef = 6A3A6B032CC0D6D8009319F8 /* SummaryCard.swift */; };
		6AE757ED2CAE87FE00BEFDE0 /* MacroApp.swift in Sources */ = {isa = PBXBuildFile; fileRef = 6AE757EC2CAE87FE00BEFDE0 /* MacroApp.swift */; };
		6AE757EF2CAE87FE00BEFDE0 /* ContentView.swift in Sources */ = {isa = PBXBuildFile; fileRef = 6AE757EE2CAE87FE00BEFDE0 /* ContentView.swift */; };
		6AE757F32CAE87FF00BEFDE0 /* Assets.xcassets in Resources */ = {isa = PBXBuildFile; fileRef = 6AE757F22CAE87FF00BEFDE0 /* Assets.xcassets */; };
		6AE757F62CAE87FF00BEFDE0 /* Preview Assets.xcassets in Resources */ = {isa = PBXBuildFile; fileRef = 6AE757F52CAE87FF00BEFDE0 /* Preview Assets.xcassets */; };
		6AEC4D022CB514A3003DD2F3 /* DietView.swift in Sources */ = {isa = PBXBuildFile; fileRef = 6AEC4D012CB514A3003DD2F3 /* DietView.swift */; };
		6AEC4D042CB514C9003DD2F3 /* DietViewModel.swift in Sources */ = {isa = PBXBuildFile; fileRef = 6AEC4D032CB514C9003DD2F3 /* DietViewModel.swift */; };
		6AEC4D062CB52429003DD2F3 /* FoodName in Resources */ = {isa = PBXBuildFile; fileRef = 6AEC4D052CB52429003DD2F3 /* FoodName */; };
		6AEC4D082CB5268C003DD2F3 /* FoodCache.swift in Sources */ = {isa = PBXBuildFile; fileRef = 6AEC4D072CB5268C003DD2F3 /* FoodCache.swift */; };
		6AEC4D0A2CB526E6003DD2F3 /* FoodFile.swift in Sources */ = {isa = PBXBuildFile; fileRef = 6AEC4D092CB526E6003DD2F3 /* FoodFile.swift */; };
		6AEC4D0C2CB539EA003DD2F3 /* Food.swift in Sources */ = {isa = PBXBuildFile; fileRef = 6AEC4D0B2CB539EA003DD2F3 /* Food.swift */; };
		6AEC4D0E2CB53A4C003DD2F3 /* Sleep.swift in Sources */ = {isa = PBXBuildFile; fileRef = 6AEC4D0D2CB53A4C003DD2F3 /* Sleep.swift */; };
		6AEC4D102CB53AA1003DD2F3 /* Journal.swift in Sources */ = {isa = PBXBuildFile; fileRef = 6AEC4D0F2CB53AA1003DD2F3 /* Journal.swift */; };
		9015E76B2CB5190200C1D808 /* HealthManager.swift in Sources */ = {isa = PBXBuildFile; fileRef = 9015E76A2CB5190200C1D808 /* HealthManager.swift */; };
/* End PBXBuildFile section */

/* Begin PBXFileReference section */
		6A3A6AFD2CC0D639009319F8 /* SummaryView.swift */ = {isa = PBXFileReference; lastKnownFileType = sourcecode.swift; name = SummaryView.swift; path = Macro/Search/View/SummaryView.swift; sourceTree = SOURCE_ROOT; };
		6A3A6AFF2CC0D64D009319F8 /* DetailSummaryView.swift */ = {isa = PBXFileReference; lastKnownFileType = sourcecode.swift; name = DetailSummaryView.swift; path = Macro/Search/View/DetailSummaryView.swift; sourceTree = SOURCE_ROOT; };
		6A3A6B012CC0D65A009319F8 /* SummaryViewModel.swift */ = {isa = PBXFileReference; lastKnownFileType = sourcecode.swift; path = SummaryViewModel.swift; sourceTree = "<group>"; };
		6A3A6B032CC0D6D8009319F8 /* SummaryCard.swift */ = {isa = PBXFileReference; lastKnownFileType = sourcecode.swift; name = SummaryCard.swift; path = Macro/Summary/ViewModel/SummaryCard.swift; sourceTree = SOURCE_ROOT; };
		6AE757E92CAE87FE00BEFDE0 /* Macro.app */ = {isa = PBXFileReference; explicitFileType = wrapper.application; includeInIndex = 0; path = Macro.app; sourceTree = BUILT_PRODUCTS_DIR; };
		6AE757EC2CAE87FE00BEFDE0 /* MacroApp.swift */ = {isa = PBXFileReference; lastKnownFileType = sourcecode.swift; path = MacroApp.swift; sourceTree = "<group>"; };
		6AE757EE2CAE87FE00BEFDE0 /* ContentView.swift */ = {isa = PBXFileReference; lastKnownFileType = sourcecode.swift; path = ContentView.swift; sourceTree = "<group>"; };
		6AE757F22CAE87FF00BEFDE0 /* Assets.xcassets */ = {isa = PBXFileReference; lastKnownFileType = folder.assetcatalog; path = Assets.xcassets; sourceTree = "<group>"; };
		6AE757F52CAE87FF00BEFDE0 /* Preview Assets.xcassets */ = {isa = PBXFileReference; lastKnownFileType = folder.assetcatalog; path = "Preview Assets.xcassets"; sourceTree = "<group>"; };
		6AEC4D012CB514A3003DD2F3 /* DietView.swift */ = {isa = PBXFileReference; lastKnownFileType = sourcecode.swift; path = DietView.swift; sourceTree = "<group>"; };
		6AEC4D032CB514C9003DD2F3 /* DietViewModel.swift */ = {isa = PBXFileReference; lastKnownFileType = sourcecode.swift; path = DietViewModel.swift; sourceTree = "<group>"; };
		6AEC4D052CB52429003DD2F3 /* FoodName */ = {isa = PBXFileReference; lastKnownFileType = text; path = FoodName; sourceTree = "<group>"; };
		6AEC4D072CB5268C003DD2F3 /* FoodCache.swift */ = {isa = PBXFileReference; lastKnownFileType = sourcecode.swift; path = FoodCache.swift; sourceTree = "<group>"; };
		6AEC4D092CB526E6003DD2F3 /* FoodFile.swift */ = {isa = PBXFileReference; lastKnownFileType = sourcecode.swift; path = FoodFile.swift; sourceTree = "<group>"; };
		6AEC4D0B2CB539EA003DD2F3 /* Food.swift */ = {isa = PBXFileReference; lastKnownFileType = sourcecode.swift; name = Food.swift; path = Macro/Food.swift; sourceTree = SOURCE_ROOT; };
		6AEC4D0D2CB53A4C003DD2F3 /* Sleep.swift */ = {isa = PBXFileReference; lastKnownFileType = sourcecode.swift; name = Sleep.swift; path = Macro/Sleep.swift; sourceTree = SOURCE_ROOT; };
		6AEC4D0F2CB53AA1003DD2F3 /* Journal.swift */ = {isa = PBXFileReference; lastKnownFileType = sourcecode.swift; name = Journal.swift; path = Macro/Journal.swift; sourceTree = SOURCE_ROOT; };
		9015E76A2CB5190200C1D808 /* HealthManager.swift */ = {isa = PBXFileReference; lastKnownFileType = sourcecode.swift; path = HealthManager.swift; sourceTree = "<group>"; };
		9015E76C2CB51CD300C1D808 /* Macro.entitlements */ = {isa = PBXFileReference; lastKnownFileType = text.plist.entitlements; path = Macro.entitlements; sourceTree = "<group>"; };
/* End PBXFileReference section */

/* Begin PBXFrameworksBuildPhase section */
		6AE757E62CAE87FE00BEFDE0 /* Frameworks */ = {
			isa = PBXFrameworksBuildPhase;
			buildActionMask = 2147483647;
			files = (
			);
			runOnlyForDeploymentPostprocessing = 0;
		};
/* End PBXFrameworksBuildPhase section */

/* Begin PBXGroup section */
		6A3A6AD92CB7BE9C009319F8 /* Journal */ = {
			isa = PBXGroup;
			children = (
				6A3A6AE42CB7BEE5009319F8 /* Model */,
				6A3A6AE32CB7BEE0009319F8 /* ViewModel */,
				6A3A6AE22CB7BEDB009319F8 /* View */,
			);
			path = Journal;
			sourceTree = "<group>";
		};
		6A3A6ADA2CB7BEA2009319F8 /* Search */ = {
			isa = PBXGroup;
			children = (
				6A3A6AE12CB7BED4009319F8 /* Model */,
				6A3A6AE02CB7BECD009319F8 /* ViewModel */,
				6A3A6ADF2CB7BEC7009319F8 /* View */,
			);
			path = Search;
			sourceTree = "<group>";
		};
		6A3A6ADB2CB7BEA9009319F8 /* Summary */ = {
			isa = PBXGroup;
			children = (
				6A3A6ADE2CB7BEC1009319F8 /* Model */,
				6A3A6ADD2CB7BEBA009319F8 /* ViewModel */,
				6A3A6ADC2CB7BEB2009319F8 /* View */,
			);
			path = Summary;
			sourceTree = "<group>";
		};
		6A3A6ADC2CB7BEB2009319F8 /* View */ = {
			isa = PBXGroup;
			children = (
				6A3A6AFD2CC0D639009319F8 /* SummaryView.swift */,
				6A3A6AFF2CC0D64D009319F8 /* DetailSummaryView.swift */,
				6A3A6B032CC0D6D8009319F8 /* SummaryCard.swift */,
			);
			path = View;
			sourceTree = "<group>";
		};
		6A3A6ADD2CB7BEBA009319F8 /* ViewModel */ = {
			isa = PBXGroup;
			children = (
				6A3A6B012CC0D65A009319F8 /* SummaryViewModel.swift */,
			);
			path = ViewModel;
			sourceTree = "<group>";
		};
		6A3A6ADE2CB7BEC1009319F8 /* Model */ = {
			isa = PBXGroup;
			children = (
			);
			path = Model;
			sourceTree = "<group>";
		};
		6A3A6ADF2CB7BEC7009319F8 /* View */ = {
			isa = PBXGroup;
			children = (
				6AEC4D012CB514A3003DD2F3 /* DietView.swift */,
			);
			path = View;
			sourceTree = "<group>";
		};
		6A3A6AE02CB7BECD009319F8 /* ViewModel */ = {
			isa = PBXGroup;
			children = (
				6AEC4D032CB514C9003DD2F3 /* DietViewModel.swift */,
			);
			path = ViewModel;
			sourceTree = "<group>";
		};
		6A3A6AE12CB7BED4009319F8 /* Model */ = {
			isa = PBXGroup;
			children = (
				6AEC4D072CB5268C003DD2F3 /* FoodCache.swift */,
				6AEC4D092CB526E6003DD2F3 /* FoodFile.swift */,
				6AEC4D052CB52429003DD2F3 /* FoodName */,
			);
			path = Model;
			sourceTree = "<group>";
		};
		6A3A6AE22CB7BEDB009319F8 /* View */ = {
			isa = PBXGroup;
			children = (
			);
			path = View;
			sourceTree = "<group>";
		};
		6A3A6AE32CB7BEE0009319F8 /* ViewModel */ = {
			isa = PBXGroup;
			children = (
				9015E76A2CB5190200C1D808 /* HealthManager.swift */,
			);
			path = ViewModel;
			sourceTree = "<group>";
		};
		6A3A6AE42CB7BEE5009319F8 /* Model */ = {
			isa = PBXGroup;
			children = (
			);
			path = Model;
			sourceTree = "<group>";
		};
		6AE757E02CAE87FE00BEFDE0 = {
			isa = PBXGroup;
			children = (
				6AE757EB2CAE87FE00BEFDE0 /* Macro */,
				6AE757EA2CAE87FE00BEFDE0 /* Products */,
			);
			sourceTree = "<group>";
		};
		6AE757EA2CAE87FE00BEFDE0 /* Products */ = {
			isa = PBXGroup;
			children = (
				6AE757E92CAE87FE00BEFDE0 /* Macro.app */,
			);
			name = Products;
			sourceTree = "<group>";
		};
		6AE757EB2CAE87FE00BEFDE0 /* Macro */ = {
			isa = PBXGroup;
			children = (
				9015E76C2CB51CD300C1D808 /* Macro.entitlements */,
				6A3A6ADB2CB7BEA9009319F8 /* Summary */,
				6A3A6ADA2CB7BEA2009319F8 /* Search */,
				6A3A6AD92CB7BE9C009319F8 /* Journal */,
				6AEC4CFE2CB50FCE003DD2F3 /* Model */,
				6AE757EC2CAE87FE00BEFDE0 /* MacroApp.swift */,
				6AE757EE2CAE87FE00BEFDE0 /* ContentView.swift */,
				6AE757F22CAE87FF00BEFDE0 /* Assets.xcassets */,
				6AE757F42CAE87FF00BEFDE0 /* Preview Content */,
			);
			path = Macro;
			sourceTree = "<group>";
		};
		6AE757F42CAE87FF00BEFDE0 /* Preview Content */ = {
			isa = PBXGroup;
			children = (
				6AE757F52CAE87FF00BEFDE0 /* Preview Assets.xcassets */,
			);
			path = "Preview Content";
			sourceTree = "<group>";
		};
		6AEC4CFE2CB50FCE003DD2F3 /* Model */ = {
			isa = PBXGroup;
			children = (
				6AEC4D0B2CB539EA003DD2F3 /* Food.swift */,
				6AEC4D0D2CB53A4C003DD2F3 /* Sleep.swift */,
				6AEC4D0F2CB53AA1003DD2F3 /* Journal.swift */,
			);
			path = Model;
			sourceTree = "<group>";
		};
/* End PBXGroup section */

/* Begin PBXNativeTarget section */
		6AE757E82CAE87FE00BEFDE0 /* Macro */ = {
			isa = PBXNativeTarget;
			buildConfigurationList = 6AE757F92CAE87FF00BEFDE0 /* Build configuration list for PBXNativeTarget "Macro" */;
			buildPhases = (
				6AE757E52CAE87FE00BEFDE0 /* Sources */,
				6AE757E62CAE87FE00BEFDE0 /* Frameworks */,
				6AE757E72CAE87FE00BEFDE0 /* Resources */,
			);
			buildRules = (
			);
			dependencies = (
			);
			name = Macro;
			productName = Macro;
			productReference = 6AE757E92CAE87FE00BEFDE0 /* Macro.app */;
			productType = "com.apple.product-type.application";
		};
/* End PBXNativeTarget section */

/* Begin PBXProject section */
		6AE757E12CAE87FE00BEFDE0 /* Project object */ = {
			isa = PBXProject;
			attributes = {
				BuildIndependentTargetsInParallel = 1;
				LastSwiftUpdateCheck = 1520;
				LastUpgradeCheck = 1520;
				TargetAttributes = {
					6AE757E82CAE87FE00BEFDE0 = {
						CreatedOnToolsVersion = 15.2;
					};
				};
			};
			buildConfigurationList = 6AE757E42CAE87FE00BEFDE0 /* Build configuration list for PBXProject "Macro" */;
			compatibilityVersion = "Xcode 14.0";
			developmentRegion = en;
			hasScannedForEncodings = 0;
			knownRegions = (
				en,
				Base,
			);
			mainGroup = 6AE757E02CAE87FE00BEFDE0;
			productRefGroup = 6AE757EA2CAE87FE00BEFDE0 /* Products */;
			projectDirPath = "";
			projectRoot = "";
			targets = (
				6AE757E82CAE87FE00BEFDE0 /* Macro */,
			);
		};
/* End PBXProject section */

/* Begin PBXResourcesBuildPhase section */
		6AE757E72CAE87FE00BEFDE0 /* Resources */ = {
			isa = PBXResourcesBuildPhase;
			buildActionMask = 2147483647;
			files = (
				6AEC4D062CB52429003DD2F3 /* FoodName in Resources */,
				6AE757F62CAE87FF00BEFDE0 /* Preview Assets.xcassets in Resources */,
				6AE757F32CAE87FF00BEFDE0 /* Assets.xcassets in Resources */,
			);
			runOnlyForDeploymentPostprocessing = 0;
		};
/* End PBXResourcesBuildPhase section */

/* Begin PBXSourcesBuildPhase section */
		6AE757E52CAE87FE00BEFDE0 /* Sources */ = {
			isa = PBXSourcesBuildPhase;
			buildActionMask = 2147483647;
			files = (
				6AEC4D082CB5268C003DD2F3 /* FoodCache.swift in Sources */,
				6AEC4D042CB514C9003DD2F3 /* DietViewModel.swift in Sources */,
				6A3A6B002CC0D64D009319F8 /* DetailSummaryView.swift in Sources */,
				6AE757EF2CAE87FE00BEFDE0 /* ContentView.swift in Sources */,
				6AEC4D0E2CB53A4C003DD2F3 /* Sleep.swift in Sources */,
				6AEC4D0C2CB539EA003DD2F3 /* Food.swift in Sources */,
				6AEC4D022CB514A3003DD2F3 /* DietView.swift in Sources */,
				6A3A6B022CC0D65A009319F8 /* SummaryViewModel.swift in Sources */,
				6AEC4D0A2CB526E6003DD2F3 /* FoodFile.swift in Sources */,
				6AE757ED2CAE87FE00BEFDE0 /* MacroApp.swift in Sources */,
				6A3A6B042CC0D6D8009319F8 /* SummaryCard.swift in Sources */,
				9015E76B2CB5190200C1D808 /* HealthManager.swift in Sources */,
				6AEC4D102CB53AA1003DD2F3 /* Journal.swift in Sources */,
				6A3A6AFE2CC0D639009319F8 /* SummaryView.swift in Sources */,
			);
			runOnlyForDeploymentPostprocessing = 0;
		};
/* End PBXSourcesBuildPhase section */

/* Begin XCBuildConfiguration section */
		6AE757F72CAE87FF00BEFDE0 /* Debug */ = {
			isa = XCBuildConfiguration;
			buildSettings = {
				ALWAYS_SEARCH_USER_PATHS = NO;
				ASSETCATALOG_COMPILER_GENERATE_SWIFT_ASSET_SYMBOL_EXTENSIONS = YES;
				CLANG_ANALYZER_NONNULL = YES;
				CLANG_ANALYZER_NUMBER_OBJECT_CONVERSION = YES_AGGRESSIVE;
				CLANG_CXX_LANGUAGE_STANDARD = "gnu++20";
				CLANG_ENABLE_MODULES = YES;
				CLANG_ENABLE_OBJC_ARC = YES;
				CLANG_ENABLE_OBJC_WEAK = YES;
				CLANG_WARN_BLOCK_CAPTURE_AUTORELEASING = YES;
				CLANG_WARN_BOOL_CONVERSION = YES;
				CLANG_WARN_COMMA = YES;
				CLANG_WARN_CONSTANT_CONVERSION = YES;
				CLANG_WARN_DEPRECATED_OBJC_IMPLEMENTATIONS = YES;
				CLANG_WARN_DIRECT_OBJC_ISA_USAGE = YES_ERROR;
				CLANG_WARN_DOCUMENTATION_COMMENTS = YES;
				CLANG_WARN_EMPTY_BODY = YES;
				CLANG_WARN_ENUM_CONVERSION = YES;
				CLANG_WARN_INFINITE_RECURSION = YES;
				CLANG_WARN_INT_CONVERSION = YES;
				CLANG_WARN_NON_LITERAL_NULL_CONVERSION = YES;
				CLANG_WARN_OBJC_IMPLICIT_RETAIN_SELF = YES;
				CLANG_WARN_OBJC_LITERAL_CONVERSION = YES;
				CLANG_WARN_OBJC_ROOT_CLASS = YES_ERROR;
				CLANG_WARN_QUOTED_INCLUDE_IN_FRAMEWORK_HEADER = YES;
				CLANG_WARN_RANGE_LOOP_ANALYSIS = YES;
				CLANG_WARN_STRICT_PROTOTYPES = YES;
				CLANG_WARN_SUSPICIOUS_MOVE = YES;
				CLANG_WARN_UNGUARDED_AVAILABILITY = YES_AGGRESSIVE;
				CLANG_WARN_UNREACHABLE_CODE = YES;
				CLANG_WARN__DUPLICATE_METHOD_MATCH = YES;
				COPY_PHASE_STRIP = NO;
				DEBUG_INFORMATION_FORMAT = dwarf;
				ENABLE_STRICT_OBJC_MSGSEND = YES;
				ENABLE_TESTABILITY = YES;
				ENABLE_USER_SCRIPT_SANDBOXING = YES;
				GCC_C_LANGUAGE_STANDARD = gnu17;
				GCC_DYNAMIC_NO_PIC = NO;
				GCC_NO_COMMON_BLOCKS = YES;
				GCC_OPTIMIZATION_LEVEL = 0;
				GCC_PREPROCESSOR_DEFINITIONS = (
					"DEBUG=1",
					"$(inherited)",
				);
				GCC_WARN_64_TO_32_BIT_CONVERSION = YES;
				GCC_WARN_ABOUT_RETURN_TYPE = YES_ERROR;
				GCC_WARN_UNDECLARED_SELECTOR = YES;
				GCC_WARN_UNINITIALIZED_AUTOS = YES_AGGRESSIVE;
				GCC_WARN_UNUSED_FUNCTION = YES;
				GCC_WARN_UNUSED_VARIABLE = YES;
				IPHONEOS_DEPLOYMENT_TARGET = 17.2;
				LOCALIZATION_PREFERS_STRING_CATALOGS = YES;
				MTL_ENABLE_DEBUG_INFO = INCLUDE_SOURCE;
				MTL_FAST_MATH = YES;
				ONLY_ACTIVE_ARCH = YES;
				SDKROOT = iphoneos;
				SWIFT_ACTIVE_COMPILATION_CONDITIONS = "DEBUG $(inherited)";
				SWIFT_OPTIMIZATION_LEVEL = "-Onone";
			};
			name = Debug;
		};
		6AE757F82CAE87FF00BEFDE0 /* Release */ = {
			isa = XCBuildConfiguration;
			buildSettings = {
				ALWAYS_SEARCH_USER_PATHS = NO;
				ASSETCATALOG_COMPILER_GENERATE_SWIFT_ASSET_SYMBOL_EXTENSIONS = YES;
				CLANG_ANALYZER_NONNULL = YES;
				CLANG_ANALYZER_NUMBER_OBJECT_CONVERSION = YES_AGGRESSIVE;
				CLANG_CXX_LANGUAGE_STANDARD = "gnu++20";
				CLANG_ENABLE_MODULES = YES;
				CLANG_ENABLE_OBJC_ARC = YES;
				CLANG_ENABLE_OBJC_WEAK = YES;
				CLANG_WARN_BLOCK_CAPTURE_AUTORELEASING = YES;
				CLANG_WARN_BOOL_CONVERSION = YES;
				CLANG_WARN_COMMA = YES;
				CLANG_WARN_CONSTANT_CONVERSION = YES;
				CLANG_WARN_DEPRECATED_OBJC_IMPLEMENTATIONS = YES;
				CLANG_WARN_DIRECT_OBJC_ISA_USAGE = YES_ERROR;
				CLANG_WARN_DOCUMENTATION_COMMENTS = YES;
				CLANG_WARN_EMPTY_BODY = YES;
				CLANG_WARN_ENUM_CONVERSION = YES;
				CLANG_WARN_INFINITE_RECURSION = YES;
				CLANG_WARN_INT_CONVERSION = YES;
				CLANG_WARN_NON_LITERAL_NULL_CONVERSION = YES;
				CLANG_WARN_OBJC_IMPLICIT_RETAIN_SELF = YES;
				CLANG_WARN_OBJC_LITERAL_CONVERSION = YES;
				CLANG_WARN_OBJC_ROOT_CLASS = YES_ERROR;
				CLANG_WARN_QUOTED_INCLUDE_IN_FRAMEWORK_HEADER = YES;
				CLANG_WARN_RANGE_LOOP_ANALYSIS = YES;
				CLANG_WARN_STRICT_PROTOTYPES = YES;
				CLANG_WARN_SUSPICIOUS_MOVE = YES;
				CLANG_WARN_UNGUARDED_AVAILABILITY = YES_AGGRESSIVE;
				CLANG_WARN_UNREACHABLE_CODE = YES;
				CLANG_WARN__DUPLICATE_METHOD_MATCH = YES;
				COPY_PHASE_STRIP = NO;
				DEBUG_INFORMATION_FORMAT = "dwarf-with-dsym";
				ENABLE_NS_ASSERTIONS = NO;
				ENABLE_STRICT_OBJC_MSGSEND = YES;
				ENABLE_USER_SCRIPT_SANDBOXING = YES;
				GCC_C_LANGUAGE_STANDARD = gnu17;
				GCC_NO_COMMON_BLOCKS = YES;
				GCC_WARN_64_TO_32_BIT_CONVERSION = YES;
				GCC_WARN_ABOUT_RETURN_TYPE = YES_ERROR;
				GCC_WARN_UNDECLARED_SELECTOR = YES;
				GCC_WARN_UNINITIALIZED_AUTOS = YES_AGGRESSIVE;
				GCC_WARN_UNUSED_FUNCTION = YES;
				GCC_WARN_UNUSED_VARIABLE = YES;
				IPHONEOS_DEPLOYMENT_TARGET = 17.2;
				LOCALIZATION_PREFERS_STRING_CATALOGS = YES;
				MTL_ENABLE_DEBUG_INFO = NO;
				MTL_FAST_MATH = YES;
				SDKROOT = iphoneos;
				SWIFT_COMPILATION_MODE = wholemodule;
				VALIDATE_PRODUCT = YES;
			};
			name = Release;
		};
		6AE757FA2CAE87FF00BEFDE0 /* Debug */ = {
			isa = XCBuildConfiguration;
			buildSettings = {
				ASSETCATALOG_COMPILER_APPICON_NAME = AppIcon;
				ASSETCATALOG_COMPILER_GLOBAL_ACCENT_COLOR_NAME = AccentColor;
				CODE_SIGN_ENTITLEMENTS = Macro/Macro.entitlements;
				CODE_SIGN_STYLE = Automatic;
				CURRENT_PROJECT_VERSION = 1;
				DEVELOPMENT_ASSET_PATHS = "\"Macro/Preview Content\"";
				DEVELOPMENT_TEAM = 4C9DP8TQPJ;
				ENABLE_PREVIEWS = YES;
				GENERATE_INFOPLIST_FILE = YES;
				INFOPLIST_KEY_NSHealthShareUsageDescription = "Please allow access to sync your sleeps";
				INFOPLIST_KEY_UIApplicationSceneManifest_Generation = YES;
				INFOPLIST_KEY_UIApplicationSupportsIndirectInputEvents = YES;
				INFOPLIST_KEY_UILaunchScreen_Generation = YES;
				INFOPLIST_KEY_UISupportedInterfaceOrientations_iPad = "UIInterfaceOrientationPortrait UIInterfaceOrientationPortraitUpsideDown UIInterfaceOrientationLandscapeLeft UIInterfaceOrientationLandscapeRight";
				INFOPLIST_KEY_UISupportedInterfaceOrientations_iPhone = "UIInterfaceOrientationPortrait UIInterfaceOrientationLandscapeLeft UIInterfaceOrientationLandscapeRight";
				LD_RUNPATH_SEARCH_PATHS = (
					"$(inherited)",
					"@executable_path/Frameworks",
				);
				MARKETING_VERSION = 1.0;
				PRODUCT_BUNDLE_IDENTIFIER = ada.Macro;
				PRODUCT_NAME = "$(TARGET_NAME)";
				SWIFT_EMIT_LOC_STRINGS = YES;
				SWIFT_VERSION = 5.0;
				TARGETED_DEVICE_FAMILY = "1,2";
			};
			name = Debug;
		};
		6AE757FB2CAE87FF00BEFDE0 /* Release */ = {
			isa = XCBuildConfiguration;
			buildSettings = {
				ASSETCATALOG_COMPILER_APPICON_NAME = AppIcon;
				ASSETCATALOG_COMPILER_GLOBAL_ACCENT_COLOR_NAME = AccentColor;
				CODE_SIGN_ENTITLEMENTS = Macro/Macro.entitlements;
				CODE_SIGN_STYLE = Automatic;
				CURRENT_PROJECT_VERSION = 1;
				DEVELOPMENT_ASSET_PATHS = "\"Macro/Preview Content\"";
				DEVELOPMENT_TEAM = 4C9DP8TQPJ;
				ENABLE_PREVIEWS = YES;
				GENERATE_INFOPLIST_FILE = YES;
				INFOPLIST_KEY_NSHealthShareUsageDescription = "Please allow access to sync your sleeps";
				INFOPLIST_KEY_UIApplicationSceneManifest_Generation = YES;
				INFOPLIST_KEY_UIApplicationSupportsIndirectInputEvents = YES;
				INFOPLIST_KEY_UILaunchScreen_Generation = YES;
				INFOPLIST_KEY_UISupportedInterfaceOrientations_iPad = "UIInterfaceOrientationPortrait UIInterfaceOrientationPortraitUpsideDown UIInterfaceOrientationLandscapeLeft UIInterfaceOrientationLandscapeRight";
				INFOPLIST_KEY_UISupportedInterfaceOrientations_iPhone = "UIInterfaceOrientationPortrait UIInterfaceOrientationLandscapeLeft UIInterfaceOrientationLandscapeRight";
				LD_RUNPATH_SEARCH_PATHS = (
					"$(inherited)",
					"@executable_path/Frameworks",
				);
				MARKETING_VERSION = 1.0;
				PRODUCT_BUNDLE_IDENTIFIER = ada.Macro;
				PRODUCT_NAME = "$(TARGET_NAME)";
				SWIFT_EMIT_LOC_STRINGS = YES;
				SWIFT_VERSION = 5.0;
				TARGETED_DEVICE_FAMILY = "1,2";
			};
			name = Release;
		};
/* End XCBuildConfiguration section */

/* Begin XCConfigurationList section */
		6AE757E42CAE87FE00BEFDE0 /* Build configuration list for PBXProject "Macro" */ = {
			isa = XCConfigurationList;
			buildConfigurations = (
				6AE757F72CAE87FF00BEFDE0 /* Debug */,
				6AE757F82CAE87FF00BEFDE0 /* Release */,
			);
			defaultConfigurationIsVisible = 0;
			defaultConfigurationName = Release;
		};
		6AE757F92CAE87FF00BEFDE0 /* Build configuration list for PBXNativeTarget "Macro" */ = {
			isa = XCConfigurationList;
			buildConfigurations = (
				6AE757FA2CAE87FF00BEFDE0 /* Debug */,
				6AE757FB2CAE87FF00BEFDE0 /* Release */,
			);
			defaultConfigurationIsVisible = 0;
			defaultConfigurationName = Release;
		};
/* End XCConfigurationList section */
	};
	rootObject = 6AE757E12CAE87FE00BEFDE0 /* Project object */;
}
